{
  "name": "rpc-websockets",
  "version": "10.0.0",
  "lockfileVersion": 3,
  "requires": true,
  "packages": {
    "": {
      "name": "rpc-websockets",
      "version": "10.0.0",
      "license": "LGPL-3.0-only",
      "dependencies": {
        "@swc/helpers": "^0.5.11",
        "@types/uuid": "^10.0.0",
        "@types/ws": "^8.2.2",
        "buffer": "^6.0.3",
        "eventemitter3": "^5.0.1",
        "uuid": "^14.0.0",
        "ws": "^8.5.0"
      },
      "devDependencies": {
        "@microsoft/api-extractor": "^7.58.2",
        "@typescript-eslint/eslint-plugin": "^8.0.0",
        "@typescript-eslint/parser": "^8.0.0",
        "async": "^3.2.3",
        "chai": "^6.0.0",
        "esbuild-plugin-polyfill-node": "^0.3.0",
        "eslint": "^8.57.0",
        "istanbul": "^0.4.5",
        "mocha": "^11.3.0",
        "mocha-lcov-reporter": "^1.3.0",
        "tsup": "^8.1.0",
        "typescript": "^5.0.0",
        "url": "^0.11.3"
      },
      "funding": {
        "type": "paypal",
        "url": "https://paypal.me/kozjak"
      },
      "optionalDependencies": {
        "bufferutil": "^4.0.1",
        "utf-8-validate": "^6.0.0"
      }
    }
  }
}
